
Microsoft Visual Studio Solution File, Format Version 12.00
# Visual Studio Version 16
VisualStudioVersion = 16.0.29806.167
MinimumVisualStudioVersion = 10.0.40219.1
Project("{FAE04EC0-301F-11D3-BF4B-00C04F79EFBC}") = "RadialCommandSample.UWP", "RadialCommandSample.UWP\RadialCommandSample.UWP.csproj", "{5037ED1B-1443-4579-A5B3-D861D78E649B}"
EndProject
Project("{FAE04EC0-301F-11D3-BF4B-00C04F79EFBC}") = "RadialCommandSample.Android", "RadialCommandSample.Android\RadialCommandSample.Android.csproj", "{13C25CE6-5708-497C-85D1-626EC0CF4F1E}"
EndProject
Project("{FAE04EC0-301F-11D3-BF4B-00C04F79EFBC}") = "RadialCommandSample.iOS", "RadialCommandSample.iOS\RadialCommandSample.iOS.csproj", "{5D79ED10-0D81-49E7-A983-0DBE83D11BCB}"
EndProject
Project("{9A19103F-16F7-4668-BE54-9A1E7A4F7556}") = "RadialCommandSample", "RadialCommandSample\RadialCommandSample.csproj", "{E4C99FC0-93C6-4179-8AF6-89BE03DD510E}"
EndProject
Global
	GlobalSection(SolutionConfigurationPlatforms) = preSolution
		Debug|Any CPU = Debug|Any CPU
		Debug|ARM = Debug|ARM
		Debug|iPhone = Debug|iPhone
		Debug|iPhoneSimulator = Debug|iPhoneSimulator
		Debug|x64 = Debug|x64
		Debug|x86 = Debug|x86
		Release|Any CPU = Release|Any CPU
		Release|ARM = Release|ARM
		Release|iPhone = Release|iPhone
		Release|iPhoneSimulator = Release|iPhoneSimulator
		Release|x64 = Release|x64
		Release|x86 = Release|x86
		Release-xml|Any CPU = Release-xml|Any CPU
		Release-xml|ARM = Release-xml|ARM
		Release-xml|iPhone = Release-xml|iPhone
		Release-xml|iPhoneSimulator = Release-xml|iPhoneSimulator
		Release-xml|x64 = Release-xml|x64
		Release-xml|x86 = Release-xml|x86
	EndGlobalSection
	GlobalSection(ProjectConfigurationPlatforms) = postSolution
		{5037ED1B-1443-4579-A5B3-D861D78E649B}.Debug|Any CPU.ActiveCfg = Debug|x86
		{5037ED1B-1443-4579-A5B3-D861D78E649B}.Debug|Any CPU.Build.0 = Debug|x86
		{5037ED1B-1443-4579-A5B3-D861D78E649B}.Debug|Any CPU.Deploy.0 = Debug|x86
		{5037ED1B-1443-4579-A5B3-D861D78E649B}.Debug|ARM.ActiveCfg = Debug|ARM
		{5037ED1B-1443-4579-A5B3-D861D78E649B}.Debug|ARM.Build.0 = Debug|ARM
		{5037ED1B-1443-4579-A5B3-D861D78E649B}.Debug|ARM.Deploy.0 = Debug|ARM
		{5037ED1B-1443-4579-A5B3-D861D78E649B}.Debug|iPhone.ActiveCfg = Debug|x86
		{5037ED1B-1443-4579-A5B3-D861D78E649B}.Debug|iPhone.Build.0 = Debug|x86
		{5037ED1B-1443-4579-A5B3-D861D78E649B}.Debug|iPhone.Deploy.0 = Debug|x86
		{5037ED1B-1443-4579-A5B3-D861D78E649B}.Debug|iPhoneSimulator.ActiveCfg = Debug|x86
		{5037ED1B-1443-4579-A5B3-D861D78E649B}.Debug|iPhoneSimulator.Build.0 = Debug|x86
		{5037ED1B-1443-4579-A5B3-D861D78E649B}.Debug|iPhoneSimulator.Deploy.0 = Debug|x86
		{5037ED1B-1443-4579-A5B3-D861D78E649B}.Debug|x64.ActiveCfg = Debug|x64
		{5037ED1B-1443-4579-A5B3-D861D78E649B}.Debug|x64.Build.0 = Debug|x64
		{5037ED1B-1443-4579-A5B3-D861D78E649B}.Debug|x64.Deploy.0 = Debug|x64
		{5037ED1B-1443-4579-A5B3-D861D78E649B}.Debug|x86.ActiveCfg = Debug|x86
		{5037ED1B-1443-4579-A5B3-D861D78E649B}.Debug|x86.Build.0 = Debug|x86
		{5037ED1B-1443-4579-A5B3-D861D78E649B}.Debug|x86.Deploy.0 = Debug|x86
		{5037ED1B-1443-4579-A5B3-D861D78E649B}.Release|Any CPU.ActiveCfg = Release|x86
		{5037ED1B-1443-4579-A5B3-D861D78E649B}.Release|Any CPU.Build.0 = Release|x86
		{5037ED1B-1443-4579-A5B3-D861D78E649B}.Release|Any CPU.Deploy.0 = Release|x86
		{5037ED1B-1443-4579-A5B3-D861D78E649B}.Release|ARM.ActiveCfg = Release|ARM
		{5037ED1B-1443-4579-A5B3-D861D78E649B}.Release|ARM.Build.0 = Release|ARM
		{5037ED1B-1443-4579-A5B3-D861D78E649B}.Release|ARM.Deploy.0 = Release|ARM
		{5037ED1B-1443-4579-A5B3-D861D78E649B}.Release|iPhone.ActiveCfg = Release|x86
		{5037ED1B-1443-4579-A5B3-D861D78E649B}.Release|iPhone.Build.0 = Release|x86
		{5037ED1B-1443-4579-A5B3-D861D78E649B}.Release|iPhone.Deploy.0 = Release|x86
		{5037ED1B-1443-4579-A5B3-D861D78E649B}.Release|iPhoneSimulator.ActiveCfg = Release|x86
		{5037ED1B-1443-4579-A5B3-D861D78E649B}.Release|iPhoneSimulator.Build.0 = Release|x86
		{5037ED1B-1443-4579-A5B3-D861D78E649B}.Release|iPhoneSimulator.Deploy.0 = Release|x86
		{5037ED1B-1443-4579-A5B3-D861D78E649B}.Release|x64.ActiveCfg = Release|x64
		{5037ED1B-1443-4579-A5B3-D861D78E649B}.Release|x64.Build.0 = Release|x64
		{5037ED1B-1443-4579-A5B3-D861D78E649B}.Release|x64.Deploy.0 = Release|x64
		{5037ED1B-1443-4579-A5B3-D861D78E649B}.Release|x86.ActiveCfg = Release|x86
		{5037ED1B-1443-4579-A5B3-D861D78E649B}.Release|x86.Build.0 = Release|x86
		{5037ED1B-1443-4579-A5B3-D861D78E649B}.Release|x86.Deploy.0 = Release|x86
		{5037ED1B-1443-4579-A5B3-D861D78E649B}.Release-xml|Any CPU.ActiveCfg = Release|x86
		{5037ED1B-1443-4579-A5B3-D861D78E649B}.Release-xml|Any CPU.Build.0 = Release|x86
		{5037ED1B-1443-4579-A5B3-D861D78E649B}.Release-xml|Any CPU.Deploy.0 = Release|x86
		{5037ED1B-1443-4579-A5B3-D861D78E649B}.Release-xml|ARM.ActiveCfg = Release|ARM
		{5037ED1B-1443-4579-A5B3-D861D78E649B}.Release-xml|ARM.Build.0 = Release|ARM
		{5037ED1B-1443-4579-A5B3-D861D78E649B}.Release-xml|ARM.Deploy.0 = Release|ARM
		{5037ED1B-1443-4579-A5B3-D861D78E649B}.Release-xml|iPhone.ActiveCfg = Release|x86
		{5037ED1B-1443-4579-A5B3-D861D78E649B}.Release-xml|iPhone.Build.0 = Release|x86
		{5037ED1B-1443-4579-A5B3-D861D78E649B}.Release-xml|iPhone.Deploy.0 = Release|x86
		{5037ED1B-1443-4579-A5B3-D861D78E649B}.Release-xml|iPhoneSimulator.ActiveCfg = Release|x86
		{5037ED1B-1443-4579-A5B3-D861D78E649B}.Release-xml|iPhoneSimulator.Build.0 = Release|x86
		{5037ED1B-1443-4579-A5B3-D861D78E649B}.Release-xml|iPhoneSimulator.Deploy.0 = Release|x86
		{5037ED1B-1443-4579-A5B3-D861D78E649B}.Release-xml|x64.ActiveCfg = Release|x64
		{5037ED1B-1443-4579-A5B3-D861D78E649B}.Release-xml|x64.Build.0 = Release|x64
		{5037ED1B-1443-4579-A5B3-D861D78E649B}.Release-xml|x64.Deploy.0 = Release|x64
		{5037ED1B-1443-4579-A5B3-D861D78E649B}.Release-xml|x86.ActiveCfg = Release|x86
		{5037ED1B-1443-4579-A5B3-D861D78E649B}.Release-xml|x86.Build.0 = Release|x86
		{5037ED1B-1443-4579-A5B3-D861D78E649B}.Release-xml|x86.Deploy.0 = Release|x86
		{13C25CE6-5708-497C-85D1-626EC0CF4F1E}.Debug|Any CPU.ActiveCfg = Debug|Any CPU
		{13C25CE6-5708-497C-85D1-626EC0CF4F1E}.Debug|Any CPU.Build.0 = Debug|Any CPU
		{13C25CE6-5708-497C-85D1-626EC0CF4F1E}.Debug|Any CPU.Deploy.0 = Debug|Any CPU
		{13C25CE6-5708-497C-85D1-626EC0CF4F1E}.Debug|ARM.ActiveCfg = Debug|Any CPU
		{13C25CE6-5708-497C-85D1-626EC0CF4F1E}.Debug|ARM.Build.0 = Debug|Any CPU
		{13C25CE6-5708-497C-85D1-626EC0CF4F1E}.Debug|ARM.Deploy.0 = Debug|Any CPU
		{13C25CE6-5708-497C-85D1-626EC0CF4F1E}.Debug|iPhone.ActiveCfg = Debug|Any CPU
		{13C25CE6-5708-497C-85D1-626EC0CF4F1E}.Debug|iPhone.Build.0 = Debug|Any CPU
		{13C25CE6-5708-497C-85D1-626EC0CF4F1E}.Debug|iPhone.Deploy.0 = Debug|Any CPU
		{13C25CE6-5708-497C-85D1-626EC0CF4F1E}.Debug|iPhoneSimulator.ActiveCfg = Debug|Any CPU
		{13C25CE6-5708-497C-85D1-626EC0CF4F1E}.Debug|iPhoneSimulator.Build.0 = Debug|Any CPU
		{13C25CE6-5708-497C-85D1-626EC0CF4F1E}.Debug|iPhoneSimulator.Deploy.0 = Debug|Any CPU
		{13C25CE6-5708-497C-85D1-626EC0CF4F1E}.Debug|x64.ActiveCfg = Debug|Any CPU
		{13C25CE6-5708-497C-85D1-626EC0CF4F1E}.Debug|x64.Build.0 = Debug|Any CPU
		{13C25CE6-5708-497C-85D1-626EC0CF4F1E}.Debug|x64.Deploy.0 = Debug|Any CPU
		{13C25CE6-5708-497C-85D1-626EC0CF4F1E}.Debug|x86.ActiveCfg = Debug|Any CPU
		{13C25CE6-5708-497C-85D1-626EC0CF4F1E}.Debug|x86.Build.0 = Debug|Any CPU
		{13C25CE6-5708-497C-85D1-626EC0CF4F1E}.Debug|x86.Deploy.0 = Debug|Any CPU
		{13C25CE6-5708-497C-85D1-626EC0CF4F1E}.Release|Any CPU.ActiveCfg = Release|Any CPU
		{13C25CE6-5708-497C-85D1-626EC0CF4F1E}.Release|Any CPU.Build.0 = Release|Any CPU
		{13C25CE6-5708-497C-85D1-626EC0CF4F1E}.Release|Any CPU.Deploy.0 = Release|Any CPU
		{13C25CE6-5708-497C-85D1-626EC0CF4F1E}.Release|ARM.ActiveCfg = Release|Any CPU
		{13C25CE6-5708-497C-85D1-626EC0CF4F1E}.Release|ARM.Build.0 = Release|Any CPU
		{13C25CE6-5708-497C-85D1-626EC0CF4F1E}.Release|ARM.Deploy.0 = Release|Any CPU
		{13C25CE6-5708-497C-85D1-626EC0CF4F1E}.Release|iPhone.ActiveCfg = Release|Any CPU
		{13C25CE6-5708-497C-85D1-626EC0CF4F1E}.Release|iPhone.Build.0 = Release|Any CPU
		{13C25CE6-5708-497C-85D1-626EC0CF4F1E}.Release|iPhone.Deploy.0 = Release|Any CPU
		{13C25CE6-5708-497C-85D1-626EC0CF4F1E}.Release|iPhoneSimulator.ActiveCfg = Release|Any CPU
		{13C25CE6-5708-497C-85D1-626EC0CF4F1E}.Release|iPhoneSimulator.Build.0 = Release|Any CPU
		{13C25CE6-5708-497C-85D1-626EC0CF4F1E}.Release|iPhoneSimulator.Deploy.0 = Release|Any CPU
		{13C25CE6-5708-497C-85D1-626EC0CF4F1E}.Release|x64.ActiveCfg = Release|Any CPU
		{13C25CE6-5708-497C-85D1-626EC0CF4F1E}.Release|x64.Build.0 = Release|Any CPU
		{13C25CE6-5708-497C-85D1-626EC0CF4F1E}.Release|x64.Deploy.0 = Release|Any CPU
		{13C25CE6-5708-497C-85D1-626EC0CF4F1E}.Release|x86.ActiveCfg = Release|Any CPU
		{13C25CE6-5708-497C-85D1-626EC0CF4F1E}.Release|x86.Build.0 = Release|Any CPU
		{13C25CE6-5708-497C-85D1-626EC0CF4F1E}.Release|x86.Deploy.0 = Release|Any CPU
		{13C25CE6-5708-497C-85D1-626EC0CF4F1E}.Release-xml|Any CPU.ActiveCfg = Release|Any CPU
		{13C25CE6-5708-497C-85D1-626EC0CF4F1E}.Release-xml|Any CPU.Build.0 = Release|Any CPU
		{13C25CE6-5708-497C-85D1-626EC0CF4F1E}.Release-xml|Any CPU.Deploy.0 = Release|Any CPU
		{13C25CE6-5708-497C-85D1-626EC0CF4F1E}.Release-xml|ARM.ActiveCfg = Release|Any CPU
		{13C25CE6-5708-497C-85D1-626EC0CF4F1E}.Release-xml|ARM.Build.0 = Release|Any CPU
		{13C25CE6-5708-497C-85D1-626EC0CF4F1E}.Release-xml|ARM.Deploy.0 = Release|Any CPU
		{13C25CE6-5708-497C-85D1-626EC0CF4F1E}.Release-xml|iPhone.ActiveCfg = Release|Any CPU
		{13C25CE6-5708-497C-85D1-626EC0CF4F1E}.Release-xml|iPhone.Build.0 = Release|Any CPU
		{13C25CE6-5708-497C-85D1-626EC0CF4F1E}.Release-xml|iPhone.Deploy.0 = Release|Any CPU
		{13C25CE6-5708-497C-85D1-626EC0CF4F1E}.Release-xml|iPhoneSimulator.ActiveCfg = Release|Any CPU
		{13C25CE6-5708-497C-85D1-626EC0CF4F1E}.Release-xml|iPhoneSimulator.Build.0 = Release|Any CPU
		{13C25CE6-5708-497C-85D1-626EC0CF4F1E}.Release-xml|iPhoneSimulator.Deploy.0 = Release|Any CPU
		{13C25CE6-5708-497C-85D1-626EC0CF4F1E}.Release-xml|x64.ActiveCfg = Release|Any CPU
		{13C25CE6-5708-497C-85D1-626EC0CF4F1E}.Release-xml|x64.Build.0 = Release|Any CPU
		{13C25CE6-5708-497C-85D1-626EC0CF4F1E}.Release-xml|x64.Deploy.0 = Release|Any CPU
		{13C25CE6-5708-497C-85D1-626EC0CF4F1E}.Release-xml|x86.ActiveCfg = Release|Any CPU
		{13C25CE6-5708-497C-85D1-626EC0CF4F1E}.Release-xml|x86.Build.0 = Release|Any CPU
		{13C25CE6-5708-497C-85D1-626EC0CF4F1E}.Release-xml|x86.Deploy.0 = Release|Any CPU
		{5D79ED10-0D81-49E7-A983-0DBE83D11BCB}.Debug|Any CPU.ActiveCfg = Debug|iPhone
		{5D79ED10-0D81-49E7-A983-0DBE83D11BCB}.Debug|Any CPU.Build.0 = Debug|iPhone
		{5D79ED10-0D81-49E7-A983-0DBE83D11BCB}.Debug|Any CPU.Deploy.0 = Debug|iPhone
		{5D79ED10-0D81-49E7-A983-0DBE83D11BCB}.Debug|ARM.ActiveCfg = Debug|iPhoneSimulator
		{5D79ED10-0D81-49E7-A983-0DBE83D11BCB}.Debug|ARM.Build.0 = Debug|iPhoneSimulator
		{5D79ED10-0D81-49E7-A983-0DBE83D11BCB}.Debug|ARM.Deploy.0 = Debug|iPhoneSimulator
		{5D79ED10-0D81-49E7-A983-0DBE83D11BCB}.Debug|iPhone.ActiveCfg = Debug|iPhone
		{5D79ED10-0D81-49E7-A983-0DBE83D11BCB}.Debug|iPhone.Build.0 = Debug|iPhone
		{5D79ED10-0D81-49E7-A983-0DBE83D11BCB}.Debug|iPhone.Deploy.0 = Debug|iPhone
		{5D79ED10-0D81-49E7-A983-0DBE83D11BCB}.Debug|iPhoneSimulator.ActiveCfg = Debug|iPhoneSimulator
		{5D79ED10-0D81-49E7-A983-0DBE83D11BCB}.Debug|iPhoneSimulator.Build.0 = Debug|iPhoneSimulator
		{5D79ED10-0D81-49E7-A983-0DBE83D11BCB}.Debug|iPhoneSimulator.Deploy.0 = Debug|iPhoneSimulator
		{5D79ED10-0D81-49E7-A983-0DBE83D11BCB}.Debug|x64.ActiveCfg = Debug|iPhone
		{5D79ED10-0D81-49E7-A983-0DBE83D11BCB}.Debug|x64.Build.0 = Debug|iPhone
		{5D79ED10-0D81-49E7-A983-0DBE83D11BCB}.Debug|x64.Deploy.0 = Debug|iPhone
		{5D79ED10-0D81-49E7-A983-0DBE83D11BCB}.Debug|x86.ActiveCfg = Debug|iPhone
		{5D79ED10-0D81-49E7-A983-0DBE83D11BCB}.Debug|x86.Build.0 = Debug|iPhone
		{5D79ED10-0D81-49E7-A983-0DBE83D11BCB}.Debug|x86.Deploy.0 = Debug|iPhone
		{5D79ED10-0D81-49E7-A983-0DBE83D11BCB}.Release|Any CPU.ActiveCfg = Release|iPhone
		{5D79ED10-0D81-49E7-A983-0DBE83D11BCB}.Release|Any CPU.Build.0 = Release|iPhone
		{5D79ED10-0D81-49E7-A983-0DBE83D11BCB}.Release|Any CPU.Deploy.0 = Release|iPhone
		{5D79ED10-0D81-49E7-A983-0DBE83D11BCB}.Release|ARM.ActiveCfg = Release|iPhone
		{5D79ED10-0D81-49E7-A983-0DBE83D11BCB}.Release|ARM.Build.0 = Release|iPhone
		{5D79ED10-0D81-49E7-A983-0DBE83D11BCB}.Release|ARM.Deploy.0 = Release|iPhone
		{5D79ED10-0D81-49E7-A983-0DBE83D11BCB}.Release|iPhone.ActiveCfg = Release|iPhone
		{5D79ED10-0D81-49E7-A983-0DBE83D11BCB}.Release|iPhone.Build.0 = Release|iPhone
		{5D79ED10-0D81-49E7-A983-0DBE83D11BCB}.Release|iPhone.Deploy.0 = Release|iPhone
		{5D79ED10-0D81-49E7-A983-0DBE83D11BCB}.Release|iPhoneSimulator.ActiveCfg = Release|iPhoneSimulator
		{5D79ED10-0D81-49E7-A983-0DBE83D11BCB}.Release|iPhoneSimulator.Build.0 = Release|iPhoneSimulator
		{5D79ED10-0D81-49E7-A983-0DBE83D11BCB}.Release|iPhoneSimulator.Deploy.0 = Release|iPhoneSimulator
		{5D79ED10-0D81-49E7-A983-0DBE83D11BCB}.Release|x64.ActiveCfg = Release|iPhone
		{5D79ED10-0D81-49E7-A983-0DBE83D11BCB}.Release|x64.Build.0 = Release|iPhone
		{5D79ED10-0D81-49E7-A983-0DBE83D11BCB}.Release|x64.Deploy.0 = Release|iPhone
		{5D79ED10-0D81-49E7-A983-0DBE83D11BCB}.Release|x86.ActiveCfg = Release|iPhone
		{5D79ED10-0D81-49E7-A983-0DBE83D11BCB}.Release|x86.Build.0 = Release|iPhone
		{5D79ED10-0D81-49E7-A983-0DBE83D11BCB}.Release|x86.Deploy.0 = Release|iPhone
		{5D79ED10-0D81-49E7-A983-0DBE83D11BCB}.Release-xml|Any CPU.ActiveCfg = Release|iPhone
		{5D79ED10-0D81-49E7-A983-0DBE83D11BCB}.Release-xml|ARM.ActiveCfg = Release|iPhone
		{5D79ED10-0D81-49E7-A983-0DBE83D11BCB}.Release-xml|iPhone.ActiveCfg = Release|iPhone
		{5D79ED10-0D81-49E7-A983-0DBE83D11BCB}.Release-xml|iPhoneSimulator.ActiveCfg = Release|iPhoneSimulator
		{5D79ED10-0D81-49E7-A983-0DBE83D11BCB}.Release-xml|x64.ActiveCfg = Release|iPhone
		{5D79ED10-0D81-49E7-A983-0DBE83D11BCB}.Release-xml|x86.ActiveCfg = Release|iPhone
		{E4C99FC0-93C6-4179-8AF6-89BE03DD510E}.Debug|Any CPU.ActiveCfg = Debug|Any CPU
		{E4C99FC0-93C6-4179-8AF6-89BE03DD510E}.Debug|Any CPU.Build.0 = Debug|Any CPU
		{E4C99FC0-93C6-4179-8AF6-89BE03DD510E}.Debug|Any CPU.Deploy.0 = Debug|Any CPU
		{E4C99FC0-93C6-4179-8AF6-89BE03DD510E}.Debug|ARM.ActiveCfg = Debug|Any CPU
		{E4C99FC0-93C6-4179-8AF6-89BE03DD510E}.Debug|ARM.Build.0 = Debug|Any CPU
		{E4C99FC0-93C6-4179-8AF6-89BE03DD510E}.Debug|ARM.Deploy.0 = Debug|Any CPU
		{E4C99FC0-93C6-4179-8AF6-89BE03DD510E}.Debug|iPhone.ActiveCfg = Debug|Any CPU
		{E4C99FC0-93C6-4179-8AF6-89BE03DD510E}.Debug|iPhone.Build.0 = Debug|Any CPU
		{E4C99FC0-93C6-4179-8AF6-89BE03DD510E}.Debug|iPhone.Deploy.0 = Debug|Any CPU
		{E4C99FC0-93C6-4179-8AF6-89BE03DD510E}.Debug|iPhoneSimulator.ActiveCfg = Debug|Any CPU
		{E4C99FC0-93C6-4179-8AF6-89BE03DD510E}.Debug|iPhoneSimulator.Build.0 = Debug|Any CPU
		{E4C99FC0-93C6-4179-8AF6-89BE03DD510E}.Debug|iPhoneSimulator.Deploy.0 = Debug|Any CPU
		{E4C99FC0-93C6-4179-8AF6-89BE03DD510E}.Debug|x64.ActiveCfg = Debug|Any CPU
		{E4C99FC0-93C6-4179-8AF6-89BE03DD510E}.Debug|x64.Build.0 = Debug|Any CPU
		{E4C99FC0-93C6-4179-8AF6-89BE03DD510E}.Debug|x64.Deploy.0 = Debug|Any CPU
		{E4C99FC0-93C6-4179-8AF6-89BE03DD510E}.Debug|x86.ActiveCfg = Debug|Any CPU
		{E4C99FC0-93C6-4179-8AF6-89BE03DD510E}.Debug|x86.Build.0 = Debug|Any CPU
		{E4C99FC0-93C6-4179-8AF6-89BE03DD510E}.Debug|x86.Deploy.0 = Debug|Any CPU
		{E4C99FC0-93C6-4179-8AF6-89BE03DD510E}.Release|Any CPU.ActiveCfg = Release|Any CPU
		{E4C99FC0-93C6-4179-8AF6-89BE03DD510E}.Release|Any CPU.Build.0 = Release|Any CPU
		{E4C99FC0-93C6-4179-8AF6-89BE03DD510E}.Release|Any CPU.Deploy.0 = Release|Any CPU
		{E4C99FC0-93C6-4179-8AF6-89BE03DD510E}.Release|ARM.ActiveCfg = Release|Any CPU
		{E4C99FC0-93C6-4179-8AF6-89BE03DD510E}.Release|ARM.Build.0 = Release|Any CPU
		{E4C99FC0-93C6-4179-8AF6-89BE03DD510E}.Release|ARM.Deploy.0 = Release|Any CPU
		{E4C99FC0-93C6-4179-8AF6-89BE03DD510E}.Release|iPhone.ActiveCfg = Release|Any CPU
		{E4C99FC0-93C6-4179-8AF6-89BE03DD510E}.Release|iPhone.Build.0 = Release|Any CPU
		{E4C99FC0-93C6-4179-8AF6-89BE03DD510E}.Release|iPhone.Deploy.0 = Release|Any CPU
		{E4C99FC0-93C6-4179-8AF6-89BE03DD510E}.Release|iPhoneSimulator.ActiveCfg = Release|Any CPU
		{E4C99FC0-93C6-4179-8AF6-89BE03DD510E}.Release|iPhoneSimulator.Build.0 = Release|Any CPU
		{E4C99FC0-93C6-4179-8AF6-89BE03DD510E}.Release|iPhoneSimulator.Deploy.0 = Release|Any CPU
		{E4C99FC0-93C6-4179-8AF6-89BE03DD510E}.Release|x64.ActiveCfg = Release|Any CPU
		{E4C99FC0-93C6-4179-8AF6-89BE03DD510E}.Release|x64.Build.0 = Release|Any CPU
		{E4C99FC0-93C6-4179-8AF6-89BE03DD510E}.Release|x64.Deploy.0 = Release|Any CPU
		{E4C99FC0-93C6-4179-8AF6-89BE03DD510E}.Release|x86.ActiveCfg = Release|Any CPU
		{E4C99FC0-93C6-4179-8AF6-89BE03DD510E}.Release|x86.Build.0 = Release|Any CPU
		{E4C99FC0-93C6-4179-8AF6-89BE03DD510E}.Release|x86.Deploy.0 = Release|Any CPU
		{E4C99FC0-93C6-4179-8AF6-89BE03DD510E}.Release-xml|Any CPU.ActiveCfg = Release|Any CPU
		{E4C99FC0-93C6-4179-8AF6-89BE03DD510E}.Release-xml|Any CPU.Build.0 = Release|Any CPU
		{E4C99FC0-93C6-4179-8AF6-89BE03DD510E}.Release-xml|ARM.ActiveCfg = Release|Any CPU
		{E4C99FC0-93C6-4179-8AF6-89BE03DD510E}.Release-xml|ARM.Build.0 = Release|Any CPU
		{E4C99FC0-93C6-4179-8AF6-89BE03DD510E}.Release-xml|iPhone.ActiveCfg = Release|Any CPU
		{E4C99FC0-93C6-4179-8AF6-89BE03DD510E}.Release-xml|iPhone.Build.0 = Release|Any CPU
		{E4C99FC0-93C6-4179-8AF6-89BE03DD510E}.Release-xml|iPhoneSimulator.ActiveCfg = Release|Any CPU
		{E4C99FC0-93C6-4179-8AF6-89BE03DD510E}.Release-xml|iPhoneSimulator.Build.0 = Release|Any CPU
		{E4C99FC0-93C6-4179-8AF6-89BE03DD510E}.Release-xml|x64.ActiveCfg = Release|Any CPU
		{E4C99FC0-93C6-4179-8AF6-89BE03DD510E}.Release-xml|x64.Build.0 = Release|Any CPU
		{E4C99FC0-93C6-4179-8AF6-89BE03DD510E}.Release-xml|x86.ActiveCfg = Release|Any CPU
		{E4C99FC0-93C6-4179-8AF6-89BE03DD510E}.Release-xml|x86.Build.0 = Release|Any CPU
	EndGlobalSection
	GlobalSection(SolutionProperties) = preSolution
		HideSolutionNode = FALSE
	EndGlobalSection
	GlobalSection(ExtensibilityGlobals) = postSolution
		SolutionGuid = {FB15E232-3FE7-41BD-97AC-48E1C4ECDCF7}
	EndGlobalSection
EndGlobal
